
Microsoft Visual Studio Solution File, Format Version 12.00
# Visual Studio 2012
Project("{FAE04EC0-301F-11D3-BF4B-00C04F79EFBC}") = "text2speech", "text2speech\text2speech.csproj", "{ADA09265-3071-4DC0-AEEC-E7AB2504095C}"
EndProject
Global
	GlobalSection(SolutionConfigurationPlatforms) = preSolution
		Debug|Any CPU = Debug|Any CPU
		Release|Any CPU = Release|Any CPU
	EndGlobalSection
	GlobalSection(ProjectConfigurationPlatforms) = postSolution
		{ADA09265-3071-4DC0-AEEC-E7AB2504095C}.Debug|Any CPU.ActiveCfg = Debug|Any CPU
		{ADA09265-3071-4DC0-AEEC-E7AB2504095C}.Debug|Any CPU.Build.0 = Debug|Any CPU
		{ADA09265-3071-4DC0-AEEC-E7AB2504095C}.Release|Any CPU.ActiveCfg = Release|Any CPU
		{ADA09265-3071-4DC0-AEEC-E7AB2504095C}.Release|Any CPU.Build.0 = Release|Any CPU
	EndGlobalSection
	GlobalSection(SolutionProperties) = preSolution
		HideSolutionNode = FALSE
	EndGlobalSection
EndGlobal
